<?xml version="1.0" encoding="utf-8"?>
<Project ToolsVersion="4.0" xmlns="http://schemas.microsoft.com/developer/msbuild/2003">
  <ItemGroup>
    <Filter Include="源文件">
      <UniqueIdentifier>{4FC737F1-C7A5-4376-A066-2A32D752A2FF}</UniqueIdentifier>
      <Extensions>cpp;c;cc;cxx;c++;cppm;ixx;def;odl;idl;hpj;bat;asm;asmx</Extensions>
    </Filter>
    <Filter Include="头文件">
      <UniqueIdentifier>{93995380-89BD-4b04-88EB-625FBE52EBFB}</UniqueIdentifier>
      <Extensions>h;hh;hpp;hxx;h++;hm;inl;inc;ipp;xsd</Extensions>
    </Filter>
    <Filter Include="资源文件">
      <UniqueIdentifier>{67DA6AB6-F800-4c08-8B7A-83BB121AAD01}</UniqueIdentifier>
      <Extensions>rc;ico;cur;bmp;dlg;rc2;rct;bin;rgs;gif;jpg;jpeg;jpe;resx;tiff;tif;png;wav;mfcribbon-ms</Extensions>
    </Filter>
  </ItemGroup>
  <ItemGroup>
    <ClCompile Include="stdafx.cpp">
      <Filter>源文件</Filter>
    </ClCompile>
    <ClCompile Include="common\Profile.cpp">
      <Filter>源文件</Filter>
    </ClCompile>
    <ClCompile Include="common\Util.cpp">
      <Filter>源文件</Filter>
    </ClCompile>
    <ClCompile Include="fbx\FBXCommon.cpp">
      <Filter>源文件</Filter>
    </ClCompile>
    <ClCompile Include="fbx\FbxExtractor.cpp">
      <Filter>源文件</Filter>
    </ClCompile>
    <ClCompile Include="graphics\Animation.cpp">
      <Filter>源文件</Filter>
    </ClCompile>
    <ClCompile Include="graphics\Axis.cpp">
      <Filter>源文件</Filter>
    </ClCompile>
    <ClCompile Include="graphics\Camera.cpp">
      <Filter>源文件</Filter>
    </ClCompile>
    <ClCompile Include="graphics\GraphicsDevice.cpp">
      <Filter>源文件</Filter>
    </ClCompile>
    <ClCompile Include="graphics\Material.cpp">
      <Filter>源文件</Filter>
    </ClCompile>
    <ClCompile Include="graphics\Mesh.cpp">
      <Filter>源文件</Filter>
    </ClCompile>
    <ClCompile Include="graphics\RenderSettings.cpp">
      <Filter>源文件</Filter>
    </ClCompile>
    <ClCompile Include="graphics\Skeleton.cpp">
      <Filter>源文件</Filter>
    </ClCompile>
    <ClCompile Include="graphics\SkinnedMeshRenderer.cpp">
      <Filter>源文件</Filter>
    </ClCompile>
    <ClCompile Include="graphics\SMesh.cpp">
      <Filter>源文件</Filter>
    </ClCompile>
    <ClCompile Include="FBXViewer.cpp">
      <Filter>源文件</Filter>
    </ClCompile>
  </ItemGroup>
  <ItemGroup>
    <ClInclude Include="stdafx.h">
      <Filter>源文件</Filter>
    </ClInclude>
    <ClInclude Include="common\Profile.h">
      <Filter>源文件</Filter>
    </ClInclude>
    <ClInclude Include="common\Ray.h">
      <Filter>源文件</Filter>
    </ClInclude>
    <ClInclude Include="common\Util.h">
      <Filter>源文件</Filter>
    </ClInclude>
    <ClInclude Include="fbx\FBXCommon.h">
      <Filter>源文件</Filter>
    </ClInclude>
    <ClInclude Include="fbx\FbxExtractor.h">
      <Filter>源文件</Filter>
    </ClInclude>
    <ClInclude Include="graphics\Animation.h">
      <Filter>源文件</Filter>
    </ClInclude>
    <ClInclude Include="graphics\Axis.h">
      <Filter>源文件</Filter>
    </ClInclude>
    <ClInclude Include="graphics\Camera.h">
      <Filter>源文件</Filter>
    </ClInclude>
    <ClInclude Include="graphics\GraphicsDevice.h">
      <Filter>源文件</Filter>
    </ClInclude>
    <ClInclude Include="graphics\Material.h">
      <Filter>源文件</Filter>
    </ClInclude>
    <ClInclude Include="graphics\Mesh.h">
      <Filter>源文件</Filter>
    </ClInclude>
    <ClInclude Include="graphics\RenderSettings.h">
      <Filter>源文件</Filter>
    </ClInclude>
    <ClInclude Include="graphics\Skeleton.h">
      <Filter>源文件</Filter>
    </ClInclude>
    <ClInclude Include="graphics\SkinnedMeshRenderer.h">
      <Filter>源文件</Filter>
    </ClInclude>
    <ClInclude Include="graphics\SMesh.h">
      <Filter>源文件</Filter>
    </ClInclude>
    <ClInclude Include="graphics\Vertex.h">
      <Filter>源文件</Filter>
    </ClInclude>
  </ItemGroup>
</Project>